
Microsoft Visual Studio Solution File, Format Version 12.00
# Visual Studio Version 17
VisualStudioVersion = 17.10.34928.147
MinimumVisualStudioVersion = 10.0.40219.1
Project("{FAE04EC0-301F-11D3-BF4B-00C04F79EFBC}") = "prueba-tecnica-gonet", "prueba-tecnica-gonet\prueba-tecnica-gonet.csproj", "{8FCE62D8-251A-4533-8B30-1AC380090CC2}"
EndProject
Project("{FAE04EC0-301F-11D3-BF4B-00C04F79EFBC}") = "data-access", "data-access\data-access.csproj", "{930D2F53-25A8-4E1D-B154-1BF999830DB0}"
EndProject
Global
	GlobalSection(SolutionConfigurationPlatforms) = preSolution
		Debug|Any CPU = Debug|Any CPU
		Release|Any CPU = Release|Any CPU
	EndGlobalSection
	GlobalSection(ProjectConfigurationPlatforms) = postSolution
		{8FCE62D8-251A-4533-8B30-1AC380090CC2}.Debug|Any CPU.ActiveCfg = Debug|Any CPU
		{8FCE62D8-251A-4533-8B30-1AC380090CC2}.Debug|Any CPU.Build.0 = Debug|Any CPU
		{8FCE62D8-251A-4533-8B30-1AC380090CC2}.Release|Any CPU.ActiveCfg = Release|Any CPU
		{8FCE62D8-251A-4533-8B30-1AC380090CC2}.Release|Any CPU.Build.0 = Release|Any CPU
		{930D2F53-25A8-4E1D-B154-1BF999830DB0}.Debug|Any CPU.ActiveCfg = Debug|Any CPU
		{930D2F53-25A8-4E1D-B154-1BF999830DB0}.Debug|Any CPU.Build.0 = Debug|Any CPU
		{930D2F53-25A8-4E1D-B154-1BF999830DB0}.Release|Any CPU.ActiveCfg = Release|Any CPU
		{930D2F53-25A8-4E1D-B154-1BF999830DB0}.Release|Any CPU.Build.0 = Release|Any CPU
	EndGlobalSection
	GlobalSection(SolutionProperties) = preSolution
		HideSolutionNode = FALSE
	EndGlobalSection
	GlobalSection(ExtensibilityGlobals) = postSolution
		SolutionGuid = {8758FAEC-E04A-44AF-ABD1-3CD0C8F95514}
	EndGlobalSection
EndGlobal
